schema: '2.0'
stages:
  fetch_data:
    cmd: python src/fetch_data.py
    deps:
    - path: src/fetch_data.py
      hash: md5
      md5: 4dae3ac67c1467a71b263c274eb35906
      size: 560
    outs:
    - path: data/raw/sales_data.csv
      hash: md5
      md5: d7b4c45c967c212a63be5eb56642f19a
      size: 51443638
  preprocess:
    cmd: python src/preprocess.py
    deps:
    - path: data/raw/sales_data.csv
      hash: md5
      md5: d7b4c45c967c212a63be5eb56642f19a
      size: 51443638
    - path: src/preprocess.py
      hash: md5
      md5: eb75283be25ded5bc958764cb4c0bc9c
      size: 1344
    outs:
    - path: data/processed/test_data.csv
      hash: md5
      md5: 1f583ed4bd21fdc60fb96d873cac0b03
      size: 14664165
    - path: data/processed/train_data.csv
      hash: md5
      md5: 913ba098e3ff105e722f5eac2727ba2e
      size: 58650133
